// !$*UTF8*$!
{
	archiveVersion = 1;
	classes = {
	};
	objectVersion = 46;
	objects = {

/* Begin PBXBuildFile section */
		134EB570573BF372E8D96729 /* Pods_pidebugger.framework in Frameworks */ = {isa = PBXBuildFile; fileRef = 7E5301F31F2D2A7C849DED1C /* Pods_pidebugger.framework */; };
		A5A4E8951DB55DA10025ECF1 /* AppDelegate.swift in Sources */ = {isa = PBXBuildFile; fileRef = A5A4E8941DB55DA10025ECF1 /* AppDelegate.swift */; };
		A5A4E8971DB55DA10025ECF1 /* ViewController.swift in Sources */ = {isa = PBXBuildFile; fileRef = A5A4E8961DB55DA10025ECF1 /* ViewController.swift */; };
		A5A4E89A1DB55DA20025ECF1 /* Main.storyboard in Resources */ = {isa = PBXBuildFile; fileRef = A5A4E8981DB55DA20025ECF1 /* Main.storyboard */; };
		A5A4E89D1DB55DA20025ECF1 /* pidebugger.xcdatamodeld in Sources */ = {isa = PBXBuildFile; fileRef = A5A4E89B1DB55DA20025ECF1 /* pidebugger.xcdatamodeld */; };
		A5A4E89F1DB55DA20025ECF1 /* Assets.xcassets in Resources */ = {isa = PBXBuildFile; fileRef = A5A4E89E1DB55DA20025ECF1 /* Assets.xcassets */; };
		A5A4E8A21DB55DA20025ECF1 /* LaunchScreen.storyboard in Resources */ = {isa = PBXBuildFile; fileRef = A5A4E8A01DB55DA20025ECF1 /* LaunchScreen.storyboard */; };
		A5A4E8AD1DB55DA20025ECF1 /* pidebuggerTests.swift in Sources */ = {isa = PBXBuildFile; fileRef = A5A4E8AC1DB55DA20025ECF1 /* pidebuggerTests.swift */; };
		A5A4E8B81DB55DA20025ECF1 /* pidebuggerUITests.swift in Sources */ = {isa = PBXBuildFile; fileRef = A5A4E8B71DB55DA20025ECF1 /* pidebuggerUITests.swift */; };
		CE4572EE5CBE58225A2F0EF3 /* Pods_pidebuggerUITests.framework in Frameworks */ = {isa = PBXBuildFile; fileRef = 8459000015AE7490C16601ED /* Pods_pidebuggerUITests.framework */; };
		D483DBA1183DFF8167CF1358 /* Pods_pidebuggerTests.framework in Frameworks */ = {isa = PBXBuildFile; fileRef = 5FC818AF70FA652095F4B49E /* Pods_pidebuggerTests.framework */; };
/* End PBXBuildFile section */

/* Begin PBXContainerItemProxy section */
		A5A4E8A91DB55DA20025ECF1 /* PBXContainerItemProxy */ = {
			isa = PBXContainerItemProxy;
			containerPortal = A5A4E8891DB55DA10025ECF1 /* Project object */;
			proxyType = 1;
			remoteGlobalIDString = A5A4E8901DB55DA10025ECF1;
			remoteInfo = pidebugger;
		};
		A5A4E8B41DB55DA20025ECF1 /* PBXContainerItemProxy */ = {
			isa = PBXContainerItemProxy;
			containerPortal = A5A4E8891DB55DA10025ECF1 /* Project object */;
			proxyType = 1;
			remoteGlobalIDString = A5A4E8901DB55DA10025ECF1;
			remoteInfo = pidebugger;
		};
/* End PBXContainerItemProxy section */

/* Begin PBXFileReference section */
		1775701321D89A5602CE73D5 /* Pods-pidebugger.release.xcconfig */ = {isa = PBXFileReference; includeInIndex = 1; lastKnownFileType = text.xcconfig; name = "Pods-pidebugger.release.xcconfig"; path = "Pods/Target Support Files/Pods-pidebugger/Pods-pidebugger.release.xcconfig"; sourceTree = "<group>"; };
		55D5036D86D88039AF8E6F2C /* Pods-pidebugger.debug.xcconfig */ = {isa = PBXFileReference; includeInIndex = 1; lastKnownFileType = text.xcconfig; name = "Pods-pidebugger.debug.xcconfig"; path = "Pods/Target Support Files/Pods-pidebugger/Pods-pidebugger.debug.xcconfig"; sourceTree = "<group>"; };
		5FC818AF70FA652095F4B49E /* Pods_pidebuggerTests.framework */ = {isa = PBXFileReference; explicitFileType = wrapper.framework; includeInIndex = 0; path = Pods_pidebuggerTests.framework; sourceTree = BUILT_PRODUCTS_DIR; };
		7059A6EC49A0A17D56F9C57C /* Pods-pidebuggerTests.release.xcconfig */ = {isa = PBXFileReference; includeInIndex = 1; lastKnownFileType = text.xcconfig; name = "Pods-pidebuggerTests.release.xcconfig"; path = "Pods/Target Support Files/Pods-pidebuggerTests/Pods-pidebuggerTests.release.xcconfig"; sourceTree = "<group>"; };
		7E5301F31F2D2A7C849DED1C /* Pods_pidebugger.framework */ = {isa = PBXFileReference; explicitFileType = wrapper.framework; includeInIndex = 0; path = Pods_pidebugger.framework; sourceTree = BUILT_PRODUCTS_DIR; };
		8459000015AE7490C16601ED /* Pods_pidebuggerUITests.framework */ = {isa = PBXFileReference; explicitFileType = wrapper.framework; includeInIndex = 0; path = Pods_pidebuggerUITests.framework; sourceTree = BUILT_PRODUCTS_DIR; };
		A1A8FD06B27064D046B11837 /* Pods-pidebuggerUITests.release.xcconfig */ = {isa = PBXFileReference; includeInIndex = 1; lastKnownFileType = text.xcconfig; name = "Pods-pidebuggerUITests.release.xcconfig"; path = "Pods/Target Support Files/Pods-pidebuggerUITests/Pods-pidebuggerUITests.release.xcconfig"; sourceTree = "<group>"; };
		A5A4E8911DB55DA10025ECF1 /* pidebugger.app */ = {isa = PBXFileReference; explicitFileType = wrapper.application; includeInIndex = 0; path = pidebugger.app; sourceTree = BUILT_PRODUCTS_DIR; };
		A5A4E8941DB55DA10025ECF1 /* AppDelegate.swift */ = {isa = PBXFileReference; lastKnownFileType = sourcecode.swift; path = AppDelegate.swift; sourceTree = "<group>"; };
		A5A4E8961DB55DA10025ECF1 /* ViewController.swift */ = {isa = PBXFileReference; lastKnownFileType = sourcecode.swift; path = ViewController.swift; sourceTree = "<group>"; };
		A5A4E8991DB55DA20025ECF1 /* Base */ = {isa = PBXFileReference; lastKnownFileType = file.storyboard; name = Base; path = Base.lproj/Main.storyboard; sourceTree = "<group>"; };
		A5A4E89C1DB55DA20025ECF1 /* pidebugger.xcdatamodel */ = {isa = PBXFileReference; lastKnownFileType = wrapper.xcdatamodel; path = pidebugger.xcdatamodel; sourceTree = "<group>"; };
		A5A4E89E1DB55DA20025ECF1 /* Assets.xcassets */ = {isa = PBXFileReference; lastKnownFileType = folder.assetcatalog; path = Assets.xcassets; sourceTree = "<group>"; };
		A5A4E8A11DB55DA20025ECF1 /* Base */ = {isa = PBXFileReference; lastKnownFileType = file.storyboard; name = Base; path = Base.lproj/LaunchScreen.storyboard; sourceTree = "<group>"; };
		A5A4E8A31DB55DA20025ECF1 /* Info.plist */ = {isa = PBXFileReference; lastKnownFileType = text.plist.xml; path = Info.plist; sourceTree = "<group>"; };
		A5A4E8A81DB55DA20025ECF1 /* pidebuggerTests.xctest */ = {isa = PBXFileReference; explicitFileType = wrapper.cfbundle; includeInIndex = 0; path = pidebuggerTests.xctest; sourceTree = BUILT_PRODUCTS_DIR; };
		A5A4E8AC1DB55DA20025ECF1 /* pidebuggerTests.swift */ = {isa = PBXFileReference; lastKnownFileType = sourcecode.swift; path = pidebuggerTests.swift; sourceTree = "<group>"; };
		A5A4E8AE1DB55DA20025ECF1 /* Info.plist */ = {isa = PBXFileReference; lastKnownFileType = text.plist.xml; path = Info.plist; sourceTree = "<group>"; };
		A5A4E8B31DB55DA20025ECF1 /* pidebuggerUITests.xctest */ = {isa = PBXFileReference; explicitFileType = wrapper.cfbundle; includeInIndex = 0; path = pidebuggerUITests.xctest; sourceTree = BUILT_PRODUCTS_DIR; };
		A5A4E8B71DB55DA20025ECF1 /* pidebuggerUITests.swift */ = {isa = PBXFileReference; lastKnownFileType = sourcecode.swift; path = pidebuggerUITests.swift; sourceTree = "<group>"; };
		A5A4E8B91DB55DA20025ECF1 /* Info.plist */ = {isa = PBXFileReference; lastKnownFileType = text.plist.xml; path = Info.plist; sourceTree = "<group>"; };
		AAB9CFCFF79BA2ABF37F47EB /* Pods-pidebuggerUITests.debug.xcconfig */ = {isa = PBXFileReference; includeInIndex = 1; lastKnownFileType = text.xcconfig; name = "Pods-pidebuggerUITests.debug.xcconfig"; path = "Pods/Target Support Files/Pods-pidebuggerUITests/Pods-pidebuggerUITests.debug.xcconfig"; sourceTree = "<group>"; };
		EC2D8EB491C824E784DE64E2 /* Pods-pidebuggerTests.debug.xcconfig */ = {isa = PBXFileReference; includeInIndex = 1; lastKnownFileType = text.xcconfig; name = "Pods-pidebuggerTests.debug.xcconfig"; path = "Pods/Target Support Files/Pods-pidebuggerTests/Pods-pidebuggerTests.debug.xcconfig"; sourceTree = "<group>"; };
/* End PBXFileReference section */

/* Begin PBXFrameworksBuildPhase section */
		A5A4E88E1DB55DA10025ECF1 /* Frameworks */ = {
			isa = PBXFrameworksBuildPhase;
			buildActionMask = 2147483647;
			files = (
				134EB570573BF372E8D96729 /* Pods_pidebugger.framework in Frameworks */,
			);
			runOnlyForDeploymentPostprocessing = 0;
		};
		A5A4E8A51DB55DA20025ECF1 /* Frameworks */ = {
			isa = PBXFrameworksBuildPhase;
			buildActionMask = 2147483647;
			files = (
				D483DBA1183DFF8167CF1358 /* Pods_pidebuggerTests.framework in Frameworks */,
			);
			runOnlyForDeploymentPostprocessing = 0;
		};
		A5A4E8B01DB55DA20025ECF1 /* Frameworks */ = {
			isa = PBXFrameworksBuildPhase;
			buildActionMask = 2147483647;
			files = (
				CE4572EE5CBE58225A2F0EF3 /* Pods_pidebuggerUITests.framework in Frameworks */,
			);
			runOnlyForDeploymentPostprocessing = 0;
		};
/* End PBXFrameworksBuildPhase section */

/* Begin PBXGroup section */
		3C553E68FB15C1C582745B3F /* Pods */ = {
			isa = PBXGroup;
			children = (
				55D5036D86D88039AF8E6F2C /* Pods-pidebugger.debug.xcconfig */,
				1775701321D89A5602CE73D5 /* Pods-pidebugger.release.xcconfig */,
				EC2D8EB491C824E784DE64E2 /* Pods-pidebuggerTests.debug.xcconfig */,
				7059A6EC49A0A17D56F9C57C /* Pods-pidebuggerTests.release.xcconfig */,
				AAB9CFCFF79BA2ABF37F47EB /* Pods-pidebuggerUITests.debug.xcconfig */,
				A1A8FD06B27064D046B11837 /* Pods-pidebuggerUITests.release.xcconfig */,
			);
			name = Pods;
			sourceTree = "<group>";
		};
		A5A4E8881DB55DA10025ECF1 = {
			isa = PBXGroup;
			children = (
				A5A4E8931DB55DA10025ECF1 /* pidebugger */,
				A5A4E8AB1DB55DA20025ECF1 /* pidebuggerTests */,
				A5A4E8B61DB55DA20025ECF1 /* pidebuggerUITests */,
				A5A4E8921DB55DA10025ECF1 /* Products */,
				3C553E68FB15C1C582745B3F /* Pods */,
				DA14D47586346855FFFE5A05 /* Frameworks */,
			);
			sourceTree = "<group>";
		};
		A5A4E8921DB55DA10025ECF1 /* Products */ = {
			isa = PBXGroup;
			children = (
				A5A4E8911DB55DA10025ECF1 /* pidebugger.app */,
				A5A4E8A81DB55DA20025ECF1 /* pidebuggerTests.xctest */,
				A5A4E8B31DB55DA20025ECF1 /* pidebuggerUITests.xctest */,
			);
			name = Products;
			sourceTree = "<group>";
		};
		A5A4E8931DB55DA10025ECF1 /* pidebugger */ = {
			isa = PBXGroup;
			children = (
				A5A4E8941DB55DA10025ECF1 /* AppDelegate.swift */,
				A5A4E8961DB55DA10025ECF1 /* ViewController.swift */,
				A5A4E8981DB55DA20025ECF1 /* Main.storyboard */,
				A5A4E89E1DB55DA20025ECF1 /* Assets.xcassets */,
				A5A4E8A01DB55DA20025ECF1 /* LaunchScreen.storyboard */,
				A5A4E8A31DB55DA20025ECF1 /* Info.plist */,
				A5A4E89B1DB55DA20025ECF1 /* pidebugger.xcdatamodeld */,
			);
			path = pidebugger;
			sourceTree = "<group>";
		};
		A5A4E8AB1DB55DA20025ECF1 /* pidebuggerTests */ = {
			isa = PBXGroup;
			children = (
				A5A4E8AC1DB55DA20025ECF1 /* pidebuggerTests.swift */,
				A5A4E8AE1DB55DA20025ECF1 /* Info.plist */,
			);
			path = pidebuggerTests;
			sourceTree = "<group>";
		};
		A5A4E8B61DB55DA20025ECF1 /* pidebuggerUITests */ = {
			isa = PBXGroup;
			children = (
				A5A4E8B71DB55DA20025ECF1 /* pidebuggerUITests.swift */,
				A5A4E8B91DB55DA20025ECF1 /* Info.plist */,
			);
			path = pidebuggerUITests;
			sourceTree = "<group>";
		};
		DA14D47586346855FFFE5A05 /* Frameworks */ = {
			isa = PBXGroup;
			children = (
				7E5301F31F2D2A7C849DED1C /* Pods_pidebugger.framework */,
				5FC818AF70FA652095F4B49E /* Pods_pidebuggerTests.framework */,
				8459000015AE7490C16601ED /* Pods_pidebuggerUITests.framework */,
			);
			name = Frameworks;
			sourceTree = "<group>";
		};
/* End PBXGroup section */

/* Begin PBXNativeTarget section */
		A5A4E8901DB55DA10025ECF1 /* pidebugger */ = {
			isa = PBXNativeTarget;
			buildConfigurationList = A5A4E8BC1DB55DA20025ECF1 /* Build configuration list for PBXNativeTarget "pidebugger" */;
			buildPhases = (
				2B44350D5B6DE0768E73EB27 /* [CP] Check Pods Manifest.lock */,
				A5A4E88D1DB55DA10025ECF1 /* Sources */,
				A5A4E88E1DB55DA10025ECF1 /* Frameworks */,
				A5A4E88F1DB55DA10025ECF1 /* Resources */,
				C9C00D92C2540A420BD956A9 /* [CP] Embed Pods Frameworks */,
				9F5583B84EFDF1A563D3B31D /* [CP] Copy Pods Resources */,
			);
			buildRules = (
			);
			dependencies = (
			);
			name = pidebugger;
			productName = pidebugger;
			productReference = A5A4E8911DB55DA10025ECF1 /* pidebugger.app */;
			productType = "com.apple.product-type.application";
		};
		A5A4E8A71DB55DA20025ECF1 /* pidebuggerTests */ = {
			isa = PBXNativeTarget;
			buildConfigurationList = A5A4E8BF1DB55DA20025ECF1 /* Build configuration list for PBXNativeTarget "pidebuggerTests" */;
			buildPhases = (
				140A192DB2CD49C187AC5C91 /* [CP] Check Pods Manifest.lock */,
				A5A4E8A41DB55DA20025ECF1 /* Sources */,
				A5A4E8A51DB55DA20025ECF1 /* Frameworks */,
				A5A4E8A61DB55DA20025ECF1 /* Resources */,
				65B52B4E031B29F45906BE8D /* [CP] Embed Pods Frameworks */,
				F5FAF08E1BC30FB8B62DCEF8 /* [CP] Copy Pods Resources */,
			);
			buildRules = (
			);
			dependencies = (
				A5A4E8AA1DB55DA20025ECF1 /* PBXTargetDependency */,
			);
			name = pidebuggerTests;
			productName = pidebuggerTests;
			productReference = A5A4E8A81DB55DA20025ECF1 /* pidebuggerTests.xctest */;
			productType = "com.apple.product-type.bundle.unit-test";
		};
		A5A4E8B21DB55DA20025ECF1 /* pidebuggerUITests */ = {
			isa = PBXNativeTarget;
			buildConfigurationList = A5A4E8C21DB55DA20025ECF1 /* Build configuration list for PBXNativeTarget "pidebuggerUITests" */;
			buildPhases = (
				73FCFA384839E4F8E7FC3D5F /* [CP] Check Pods Manifest.lock */,
				A5A4E8AF1DB55DA20025ECF1 /* Sources */,
				A5A4E8B01DB55DA20025ECF1 /* Frameworks */,
				A5A4E8B11DB55DA20025ECF1 /* Resources */,
				60B34216FDBB42997ED9CC0A /* [CP] Copy Pods Resources */,
			);
			buildRules = (
			);
			dependencies = (
				A5A4E8B51DB55DA20025ECF1 /* PBXTargetDependency */,
			);
			name = pidebuggerUITests;
			productName = pidebuggerUITests;
			productReference = A5A4E8B31DB55DA20025ECF1 /* pidebuggerUITests.xctest */;
			productType = "com.apple.product-type.bundle.ui-testing";
		};
/* End PBXNativeTarget section */

/* Begin PBXProject section */
		A5A4E8891DB55DA10025ECF1 /* Project object */ = {
			isa = PBXProject;
			attributes = {
				LastSwiftUpdateCheck = 0800;
				LastUpgradeCheck = 0800;
				ORGANIZATIONNAME = "Moritz Gruber";
				TargetAttributes = {
					A5A4E8901DB55DA10025ECF1 = {
						CreatedOnToolsVersion = 8.0;
						DevelopmentTeam = WVCLR2EPQZ;
						ProvisioningStyle = Automatic;
					};
					A5A4E8A71DB55DA20025ECF1 = {
						CreatedOnToolsVersion = 8.0;
						DevelopmentTeam = WVCLR2EPQZ;
						ProvisioningStyle = Automatic;
						TestTargetID = A5A4E8901DB55DA10025ECF1;
					};
					A5A4E8B21DB55DA20025ECF1 = {
						CreatedOnToolsVersion = 8.0;
						DevelopmentTeam = WVCLR2EPQZ;
						ProvisioningStyle = Automatic;
						TestTargetID = A5A4E8901DB55DA10025ECF1;
					};
				};
			};
			buildConfigurationList = A5A4E88C1DB55DA10025ECF1 /* Build configuration list for PBXProject "pidebugger" */;
			compatibilityVersion = "Xcode 3.2";
			developmentRegion = English;
			hasScannedForEncodings = 0;
			knownRegions = (
				en,
				Base,
			);
			mainGroup = A5A4E8881DB55DA10025ECF1;
			productRefGroup = A5A4E8921DB55DA10025ECF1 /* Products */;
			projectDirPath = "";
			projectRoot = "";
			targets = (
				A5A4E8901DB55DA10025ECF1 /* pidebugger */,
				A5A4E8A71DB55DA20025ECF1 /* pidebuggerTests */,
				A5A4E8B21DB55DA20025ECF1 /* pidebuggerUITests */,
			);
		};
/* End PBXProject section */

/* Begin PBXResourcesBuildPhase section */
		A5A4E88F1DB55DA10025ECF1 /* Resources */ = {
			isa = PBXResourcesBuildPhase;
			buildActionMask = 2147483647;
			files = (
				A5A4E8A21DB55DA20025ECF1 /* LaunchScreen.storyboard in Resources */,
				A5A4E89F1DB55DA20025ECF1 /* Assets.xcassets in Resources */,
				A5A4E89A1DB55DA20025ECF1 /* Main.storyboard in Resources */,
			);
			runOnlyForDeploymentPostprocessing = 0;
		};
		A5A4E8A61DB55DA20025ECF1 /* Resources */ = {
			isa = PBXResourcesBuildPhase;
			buildActionMask = 2147483647;
			files = (
			);
			runOnlyForDeploymentPostprocessing = 0;
		};
		A5A4E8B11DB55DA20025ECF1 /* Resources */ = {
			isa = PBXResourcesBuildPhase;
			buildActionMask = 2147483647;
			files = (
			);
			runOnlyForDeploymentPostprocessing = 0;
		};
/* End PBXResourcesBuildPhase section */

/* Begin PBXShellScriptBuildPhase section */
		140A192DB2CD49C187AC5C91 /* [CP] Check Pods Manifest.lock */ = {
			isa = PBXShellScriptBuildPhase;
			buildActionMask = 2147483647;
			files = (
			);
			inputPaths = (
			);
			name = "[CP] Check Pods Manifest.lock";
			outputPaths = (
			);
			runOnlyForDeploymentPostprocessing = 0;
			shellPath = /bin/sh;
			shellScript = "diff \"${PODS_ROOT}/../Podfile.lock\" \"${PODS_ROOT}/Manifest.lock\" > /dev/null\nif [[ $? != 0 ]] ; then\n    cat << EOM\nerror: The sandbox is not in sync with the Podfile.lock. Run 'pod install' or update your CocoaPods installation.\nEOM\n    exit 1\nfi\n";
			showEnvVarsInLog = 0;
		};
		2B44350D5B6DE0768E73EB27 /* [CP] Check Pods Manifest.lock */ = {
			isa = PBXShellScriptBuildPhase;
			buildActionMask = 2147483647;
			files = (
			);
			inputPaths = (
			);
			name = "[CP] Check Pods Manifest.lock";
			outputPaths = (
			);
			runOnlyForDeploymentPostprocessing = 0;
			shellPath = /bin/sh;
			shellScript = "diff \"${PODS_ROOT}/../Podfile.lock\" \"${PODS_ROOT}/Manifest.lock\" > /dev/null\nif [[ $? != 0 ]] ; then\n    cat << EOM\nerror: The sandbox is not in sync with the Podfile.lock. Run 'pod install' or update your CocoaPods installation.\nEOM\n    exit 1\nfi\n";
			showEnvVarsInLog = 0;
		};
		60B34216FDBB42997ED9CC0A /* [CP] Copy Pods Resources */ = {
			isa = PBXShellScriptBuildPhase;
			buildActionMask = 2147483647;
			files = (
			);
			inputPaths = (
			);
			name = "[CP] Copy Pods Resources";
			outputPaths = (
			);
			runOnlyForDeploymentPostprocessing = 0;
			shellPath = /bin/sh;
			shellScript = "\"${SRCROOT}/Pods/Target Support Files/Pods-pidebuggerUITests/Pods-pidebuggerUITests-resources.sh\"\n";
			showEnvVarsInLog = 0;
		};
		65B52B4E031B29F45906BE8D /* [CP] Embed Pods Frameworks */ = {
			isa = PBXShellScriptBuildPhase;
			buildActionMask = 2147483647;
			files = (
			);
			inputPaths = (
			);
			name = "[CP] Embed Pods Frameworks";
			outputPaths = (
			);
			runOnlyForDeploymentPostprocessing = 0;
			shellPath = /bin/sh;
			shellScript = "\"${SRCROOT}/Pods/Target Support Files/Pods-pidebuggerTests/Pods-pidebuggerTests-frameworks.sh\"\n";
			showEnvVarsInLog = 0;
		};
		73FCFA384839E4F8E7FC3D5F /* [CP] Check Pods Manifest.lock */ = {
			isa = PBXShellScriptBuildPhase;
			buildActionMask = 2147483647;
			files = (
			);
			inputPaths = (
			);
			name = "[CP] Check Pods Manifest.lock";
			outputPaths = (
			);
			runOnlyForDeploymentPostprocessing = 0;
			shellPath = /bin/sh;
			shellScript = "diff \"${PODS_ROOT}/../Podfile.lock\" \"${PODS_ROOT}/Manifest.lock\" > /dev/null\nif [[ $? != 0 ]] ; then\n    cat << EOM\nerror: The sandbox is not in sync with the Podfile.lock. Run 'pod install' or update your CocoaPods installation.\nEOM\n    exit 1\nfi\n";
			showEnvVarsInLog = 0;
		};
		9F5583B84EFDF1A563D3B31D /* [CP] Copy Pods Resources */ = {
			isa = PBXShellScriptBuildPhase;
			buildActionMask = 2147483647;
			files = (
			);
			inputPaths = (
			);
			name = "[CP] Copy Pods Resources";
			outputPaths = (
			);
			runOnlyForDeploymentPostprocessing = 0;
			shellPath = /bin/sh;
			shellScript = "\"${SRCROOT}/Pods/Target Support Files/Pods-pidebugger/Pods-pidebugger-resources.sh\"\n";
			showEnvVarsInLog = 0;
		};
		C9C00D92C2540A420BD956A9 /* [CP] Embed Pods Frameworks */ = {
			isa = PBXShellScriptBuildPhase;
			buildActionMask = 2147483647;
			files = (
			);
			inputPaths = (
			);
			name = "[CP] Embed Pods Frameworks";
			outputPaths = (
			);
			runOnlyForDeploymentPostprocessing = 0;
			shellPath = /bin/sh;
			shellScript = "\"${SRCROOT}/Pods/Target Support Files/Pods-pidebugger/Pods-pidebugger-frameworks.sh\"\n";
			showEnvVarsInLog = 0;
		};
		F5FAF08E1BC30FB8B62DCEF8 /* [CP] Copy Pods Resources */ = {
			isa = PBXShellScriptBuildPhase;
			buildActionMask = 2147483647;
			files = (
			);
			inputPaths = (
			);
			name = "[CP] Copy Pods Resources";
			outputPaths = (
			);
			runOnlyForDeploymentPostprocessing = 0;
			shellPath = /bin/sh;
			shellScript = "\"${SRCROOT}/Pods/Target Support Files/Pods-pidebuggerTests/Pods-pidebuggerTests-resources.sh\"\n";
			showEnvVarsInLog = 0;
		};
/* End PBXShellScriptBuildPhase section */

/* Begin PBXSourcesBuildPhase section */
		A5A4E88D1DB55DA10025ECF1 /* Sources */ = {
			isa = PBXSourcesBuildPhase;
			buildActionMask = 2147483647;
			files = (
				A5A4E8971DB55DA10025ECF1 /* ViewController.swift in Sources */,
				A5A4E89D1DB55DA20025ECF1 /* pidebugger.xcdatamodeld in Sources */,
				A5A4E8951DB55DA10025ECF1 /* AppDelegate.swift in Sources */,
			);
			runOnlyForDeploymentPostprocessing = 0;
		};
		A5A4E8A41DB55DA20025ECF1 /* Sources */ = {
			isa = PBXSourcesBuildPhase;
			buildActionMask = 2147483647;
			files = (
				A5A4E8AD1DB55DA20025ECF1 /* pidebuggerTests.swift in Sources */,
			);
			runOnlyForDeploymentPostprocessing = 0;
		};
		A5A4E8AF1DB55DA20025ECF1 /* Sources */ = {
			isa = PBXSourcesBuildPhase;
			buildActionMask = 2147483647;
			files = (
				A5A4E8B81DB55DA20025ECF1 /* pidebuggerUITests.swift in Sources */,
			);
			runOnlyForDeploymentPostprocessing = 0;
		};
/* End PBXSourcesBuildPhase section */

/* Begin PBXTargetDependency section */
		A5A4E8AA1DB55DA20025ECF1 /* PBXTargetDependency */ = {
			isa = PBXTargetDependency;
			target = A5A4E8901DB55DA10025ECF1 /* pidebugger */;
			targetProxy = A5A4E8A91DB55DA20025ECF1 /* PBXContainerItemProxy */;
		};
		A5A4E8B51DB55DA20025ECF1 /* PBXTargetDependency */ = {
			isa = PBXTargetDependency;
			target = A5A4E8901DB55DA10025ECF1 /* pidebugger */;
			targetProxy = A5A4E8B41DB55DA20025ECF1 /* PBXContainerItemProxy */;
		};
/* End PBXTargetDependency section */

/* Begin PBXVariantGroup section */
		A5A4E8981DB55DA20025ECF1 /* Main.storyboard */ = {
			isa = PBXVariantGroup;
			children = (
				A5A4E8991DB55DA20025ECF1 /* Base */,
			);
			name = Main.storyboard;
			sourceTree = "<group>";
		};
		A5A4E8A01DB55DA20025ECF1 /* LaunchScreen.storyboard */ = {
			isa = PBXVariantGroup;
			children = (
				A5A4E8A11DB55DA20025ECF1 /* Base */,
			);
			name = LaunchScreen.storyboard;
			sourceTree = "<group>";
		};
/* End PBXVariantGroup section */

/* Begin XCBuildConfiguration section */
		A5A4E8BA1DB55DA20025ECF1 /* Debug */ = {
			isa = XCBuildConfiguration;
			buildSettings = {
				ALWAYS_SEARCH_USER_PATHS = NO;
				CLANG_ANALYZER_NONNULL = YES;
				CLANG_CXX_LANGUAGE_STANDARD = "gnu++0x";
				CLANG_CXX_LIBRARY = "libc++";
				CLANG_ENABLE_MODULES = YES;
				CLANG_ENABLE_OBJC_ARC = YES;
				CLANG_WARN_BOOL_CONVERSION = YES;
				CLANG_WARN_CONSTANT_CONVERSION = YES;
				CLANG_WARN_DIRECT_OBJC_ISA_USAGE = YES_ERROR;
				CLANG_WARN_DOCUMENTATION_COMMENTS = YES;
				CLANG_WARN_EMPTY_BODY = YES;
				CLANG_WARN_ENUM_CONVERSION = YES;
				CLANG_WARN_INFINITE_RECURSION = YES;
				CLANG_WARN_INT_CONVERSION = YES;
				CLANG_WARN_OBJC_ROOT_CLASS = YES_ERROR;
				CLANG_WARN_SUSPICIOUS_MOVES = YES;
				CLANG_WARN_UNREACHABLE_CODE = YES;
				CLANG_WARN__DUPLICATE_METHOD_MATCH = YES;
				"CODE_SIGN_IDENTITY[sdk=iphoneos*]" = "iPhone Developer";
				COPY_PHASE_STRIP = NO;
				DEBUG_INFORMATION_FORMAT = dwarf;
				ENABLE_STRICT_OBJC_MSGSEND = YES;
				ENABLE_TESTABILITY = YES;
				GCC_C_LANGUAGE_STANDARD = gnu99;
				GCC_DYNAMIC_NO_PIC = NO;
				GCC_NO_COMMON_BLOCKS = YES;
				GCC_OPTIMIZATION_LEVEL = 0;
				GCC_PREPROCESSOR_DEFINITIONS = (
					"DEBUG=1",
					"$(inherited)",
				);
				GCC_WARN_64_TO_32_BIT_CONVERSION = YES;
				GCC_WARN_ABOUT_RETURN_TYPE = YES_ERROR;
				GCC_WARN_UNDECLARED_SELECTOR = YES;
				GCC_WARN_UNINITIALIZED_AUTOS = YES_AGGRESSIVE;
				GCC_WARN_UNUSED_FUNCTION = YES;
				GCC_WARN_UNUSED_VARIABLE = YES;
				IPHONEOS_DEPLOYMENT_TARGET = 10.0;
				MTL_ENABLE_DEBUG_INFO = YES;
				ONLY_ACTIVE_ARCH = YES;
				SDKROOT = iphoneos;
				SWIFT_ACTIVE_COMPILATION_CONDITIONS = DEBUG;
				SWIFT_OPTIMIZATION_LEVEL = "-Onone";
				TARGETED_DEVICE_FAMILY = "1,2";
			};
			name = Debug;
		};
		A5A4E8BB1DB55DA20025ECF1 /* Release */ = {
			isa = XCBuildConfiguration;
			buildSettings = {
				ALWAYS_SEARCH_USER_PATHS = NO;
				CLANG_ANALYZER_NONNULL = YES;
				CLANG_CXX_LANGUAGE_STANDARD = "gnu++0x";
				CLANG_CXX_LIBRARY = "libc++";
				CLANG_ENABLE_MODULES = YES;
				CLANG_ENABLE_OBJC_ARC = YES;
				CLANG_WARN_BOOL_CONVERSION = YES;
				CLANG_WARN_CONSTANT_CONVERSION = YES;
				CLANG_WARN_DIRECT_OBJC_ISA_USAGE = YES_ERROR;
				CLANG_WARN_DOCUMENTATION_COMMENTS = YES;
				CLANG_WARN_EMPTY_BODY = YES;
				CLANG_WARN_ENUM_CONVERSION = YES;
				CLANG_WARN_INFINITE_RECURSION = YES;
				CLANG_WARN_INT_CONVERSION = YES;
				CLANG_WARN_OBJC_ROOT_CLASS = YES_ERROR;
				CLANG_WARN_SUSPICIOUS_MOVES = YES;
				CLANG_WARN_UNREACHABLE_CODE = YES;
				CLANG_WARN__DUPLICATE_METHOD_MATCH = YES;
				"CODE_SIGN_IDENTITY[sdk=iphoneos*]" = "iPhone Developer";
				COPY_PHASE_STRIP = NO;
				DEBUG_INFORMATION_FORMAT = "dwarf-with-dsym";
				ENABLE_NS_ASSERTIONS = NO;
				ENABLE_STRICT_OBJC_MSGSEND = YES;
				GCC_C_LANGUAGE_STANDARD = gnu99;
				GCC_NO_COMMON_BLOCKS = YES;
				GCC_WARN_64_TO_32_BIT_CONVERSION = YES;
				GCC_WARN_ABOUT_RETURN_TYPE = YES_ERROR;
				GCC_WARN_UNDECLARED_SELECTOR = YES;
				GCC_WARN_UNINITIALIZED_AUTOS = YES_AGGRESSIVE;
				GCC_WARN_UNUSED_FUNCTION = YES;
				GCC_WARN_UNUSED_VARIABLE = YES;
				IPHONEOS_DEPLOYMENT_TARGET = 10.0;
				MTL_ENABLE_DEBUG_INFO = NO;
				SDKROOT = iphoneos;
				SWIFT_OPTIMIZATION_LEVEL = "-Owholemodule";
				TARGETED_DEVICE_FAMILY = "1,2";
				VALIDATE_PRODUCT = YES;
			};
			name = Release;
		};
		A5A4E8BD1DB55DA20025ECF1 /* Debug */ = {
			isa = XCBuildConfiguration;
			baseConfigurationReference = 55D5036D86D88039AF8E6F2C /* Pods-pidebugger.debug.xcconfig */;
			buildSettings = {
				ASSETCATALOG_COMPILER_APPICON_NAME = AppIcon;
				DEVELOPMENT_TEAM = WVCLR2EPQZ;
				INFOPLIST_FILE = pidebugger/Info.plist;
				LD_RUNPATH_SEARCH_PATHS = "$(inherited) @executable_path/Frameworks";
				PRODUCT_BUNDLE_IDENTIFIER = com.moritzgruber.pidebugger;
				PRODUCT_NAME = "$(TARGET_NAME)";
				SWIFT_VERSION = 3.0;
			};
			name = Debug;
		};
		A5A4E8BE1DB55DA20025ECF1 /* Release */ = {
			isa = XCBuildConfiguration;
			baseConfigurationReference = 1775701321D89A5602CE73D5 /* Pods-pidebugger.release.xcconfig */;
			buildSettings = {
				ASSETCATALOG_COMPILER_APPICON_NAME = AppIcon;
				DEVELOPMENT_TEAM = WVCLR2EPQZ;
				INFOPLIST_FILE = pidebugger/Info.plist;
				LD_RUNPATH_SEARCH_PATHS = "$(inherited) @executable_path/Frameworks";
				PRODUCT_BUNDLE_IDENTIFIER = com.moritzgruber.pidebugger;
				PRODUCT_NAME = "$(TARGET_NAME)";
				SWIFT_VERSION = 3.0;
			};
			name = Release;
		};
		A5A4E8C01DB55DA20025ECF1 /* Debug */ = {
			isa = XCBuildConfiguration;
			baseConfigurationReference = EC2D8EB491C824E784DE64E2 /* Pods-pidebuggerTests.debug.xcconfig */;
			buildSettings = {
				ALWAYS_EMBED_SWIFT_STANDARD_LIBRARIES = YES;
				BUNDLE_LOADER = "$(TEST_HOST)";
				DEVELOPMENT_TEAM = WVCLR2EPQZ;
				INFOPLIST_FILE = pidebuggerTests/Info.plist;
				LD_RUNPATH_SEARCH_PATHS = "$(inherited) @executable_path/Frameworks @loader_path/Frameworks";
				PRODUCT_BUNDLE_IDENTIFIER = com.moritzgruber.pidebuggerTests;
				PRODUCT_NAME = "$(TARGET_NAME)";
				SWIFT_VERSION = 3.0;
				TEST_HOST = "$(BUILT_PRODUCTS_DIR)/pidebugger.app/pidebugger";
			};
			name = Debug;
		};
		A5A4E8C11DB55DA20025ECF1 /* Release */ = {
			isa = XCBuildConfiguration;
			baseConfigurationReference = 7059A6EC49A0A17D56F9C57C /* Pods-pidebuggerTests.release.xcconfig */;
			buildSettings = {
				ALWAYS_EMBED_SWIFT_STANDARD_LIBRARIES = YES;
				BUNDLE_LOADER = "$(TEST_HOST)";
				DEVELOPMENT_TEAM = WVCLR2EPQZ;
				INFOPLIST_FILE = pidebuggerTests/Info.plist;
				LD_RUNPATH_SEARCH_PATHS = "$(inherited) @executable_path/Frameworks @loader_path/Frameworks";
				PRODUCT_BUNDLE_IDENTIFIER = com.moritzgruber.pidebuggerTests;
				PRODUCT_NAME = "$(TARGET_NAME)";
				SWIFT_VERSION = 3.0;
				TEST_HOST = "$(BUILT_PRODUCTS_DIR)/pidebugger.app/pidebugger";
			};
			name = Release;
		};
		A5A4E8C31DB55DA20025ECF1 /* Debug */ = {
			isa = XCBuildConfiguration;
			baseConfigurationReference = AAB9CFCFF79BA2ABF37F47EB /* Pods-pidebuggerUITests.debug.xcconfig */;
			buildSettings = {
				ALWAYS_EMBED_SWIFT_STANDARD_LIBRARIES = YES;
				DEVELOPMENT_TEAM = WVCLR2EPQZ;
				INFOPLIST_FILE = pidebuggerUITests/Info.plist;
				LD_RUNPATH_SEARCH_PATHS = "$(inherited) @executable_path/Frameworks @loader_path/Frameworks";
				PRODUCT_BUNDLE_IDENTIFIER = com.moritzgruber.pidebuggerUITests;
				PRODUCT_NAME = "$(TARGET_NAME)";
				SWIFT_VERSION = 3.0;
				TEST_TARGET_NAME = pidebugger;
			};
			name = Debug;
		};
		A5A4E8C41DB55DA20025ECF1 /* Release */ = {
			isa = XCBuildConfiguration;
			baseConfigurationReference = A1A8FD06B27064D046B11837 /* Pods-pidebuggerUITests.release.xcconfig */;
			buildSettings = {
				ALWAYS_EMBED_SWIFT_STANDARD_LIBRARIES = YES;
				DEVELOPMENT_TEAM = WVCLR2EPQZ;
				INFOPLIST_FILE = pidebuggerUITests/Info.plist;
				LD_RUNPATH_SEARCH_PATHS = "$(inherited) @executable_path/Frameworks @loader_path/Frameworks";
				PRODUCT_BUNDLE_IDENTIFIER = com.moritzgruber.pidebuggerUITests;
				PRODUCT_NAME = "$(TARGET_NAME)";
				SWIFT_VERSION = 3.0;
				TEST_TARGET_NAME = pidebugger;
			};
			name = Release;
		};
/* End XCBuildConfiguration section */

/* Begin XCConfigurationList section */
		A5A4E88C1DB55DA10025ECF1 /* Build configuration list for PBXProject "pidebugger" */ = {
			isa = XCConfigurationList;
			buildConfigurations = (
				A5A4E8BA1DB55DA20025ECF1 /* Debug */,
				A5A4E8BB1DB55DA20025ECF1 /* Release */,
			);
			defaultConfigurationIsVisible = 0;
			defaultConfigurationName = Release;
		};
		A5A4E8BC1DB55DA20025ECF1 /* Build configuration list for PBXNativeTarget "pidebugger" */ = {
			isa = XCConfigurationList;
			buildConfigurations = (
				A5A4E8BD1DB55DA20025ECF1 /* Debug */,
				A5A4E8BE1DB55DA20025ECF1 /* Release */,
			);
			defaultConfigurationIsVisible = 0;
			defaultConfigurationName = Release;
		};
		A5A4E8BF1DB55DA20025ECF1 /* Build configuration list for PBXNativeTarget "pidebuggerTests" */ = {
			isa = XCConfigurationList;
			buildConfigurations = (
				A5A4E8C01DB55DA20025ECF1 /* Debug */,
				A5A4E8C11DB55DA20025ECF1 /* Release */,
			);
			defaultConfigurationIsVisible = 0;
			defaultConfigurationName = Release;
		};
		A5A4E8C21DB55DA20025ECF1 /* Build configuration list for PBXNativeTarget "pidebuggerUITests" */ = {
			isa = XCConfigurationList;
			buildConfigurations = (
				A5A4E8C31DB55DA20025ECF1 /* Debug */,
				A5A4E8C41DB55DA20025ECF1 /* Release */,
			);
			defaultConfigurationIsVisible = 0;
			defaultConfigurationName = Release;
		};
/* End XCConfigurationList section */

/* Begin XCVersionGroup section */
		A5A4E89B1DB55DA20025ECF1 /* pidebugger.xcdatamodeld */ = {
			isa = XCVersionGroup;
			children = (
				A5A4E89C1DB55DA20025ECF1 /* pidebugger.xcdatamodel */,
			);
			currentVersion = A5A4E89C1DB55DA20025ECF1 /* pidebugger.xcdatamodel */;
			path = pidebugger.xcdatamodeld;
			sourceTree = "<group>";
			versionGroupType = wrapper.xcdatamodel;
		};
/* End XCVersionGroup section */
	};
	rootObject = A5A4E8891DB55DA10025ECF1 /* Project object */;
}
